# This file is automatically @generated by Cargo.
# It is not intended for manual editing.
version = 3

[[package]]
name = "anyhow"
version = "1.0.43"
source = "registry+https://github.com/rust-lang/crates.io-index"
checksum = "28ae2b3dec75a406790005a200b1bd89785afc02517a00ca99ecfe093ee9e6cf"

[[package]]
name = "assert_matches"
version = "1.5.0"
source = "registry+https://github.com/rust-lang/crates.io-index"
checksum = "9b34d609dfbaf33d6889b2b7106d3ca345eacad44200913df5ba02bfd31d2ba9"

[[package]]
name = "base64"
version = "0.13.0"
source = "registry+https://github.com/rust-lang/crates.io-index"
checksum = "904dfeac50f3cdaba28fc6f57fdcddb75f49ed61346676a78c4ffe55877802fd"

[[package]]
name = "block-buffer"
version = "0.9.0"
source = "registry+https://github.com/rust-lang/crates.io-index"
checksum = "4152116fd6e9dadb291ae18fc1ec3575ed6d84c29642d97890f4b4a3417297e4"
dependencies = [
 "generic-array",
]

[[package]]
name = "byteorder"
version = "1.4.3"
source = "registry+https://github.com/rust-lang/crates.io-index"
checksum = "14c189c53d098945499cdfa7ecc63567cf3886b3332b312a5b4585d8d3a6a610"

[[package]]
name = "bytes"
version = "1.1.0"
source = "registry+https://github.com/rust-lang/crates.io-index"
checksum = "c4872d67bab6358e59559027aa3b9157c53d9358c51423c17554809a8858e0f8"

[[package]]
name = "cfg-if"
version = "1.0.0"
source = "registry+https://github.com/rust-lang/crates.io-index"
checksum = "baf1de4339761588bc0619e3cbc0120ee582ebb74b53b4efbf79117bd2da40fd"

[[package]]
name = "const-oid"
version = "0.6.0"
source = "registry+https://github.com/rust-lang/crates.io-index"
checksum = "44c32f031ea41b4291d695026c023b95d59db2d8a2c7640800ed56bc8f510f22"

[[package]]
name = "cosmwasm-crypto"
version = "1.0.0-beta2"
source = "registry+https://github.com/rust-lang/crates.io-index"
checksum = "c16b255449b3f5cd7fa4b79acd5225b5185655261087a3d8aaac44f88a0e23e9"
dependencies = [
 "digest",
 "ed25519-zebra",
 "k256",
 "rand_core 0.5.1",
 "thiserror",
]

[[package]]
name = "cosmwasm-derive"
version = "1.0.0-beta2"
source = "registry+https://github.com/rust-lang/crates.io-index"
checksum = "abad1a6ff427a2f66890a4dce6354b4563cd07cee91a942300e011c921c09ed2"
dependencies = [
 "syn",
]

[[package]]
name = "cosmwasm-schema"
version = "1.0.0-beta2"
source = "registry+https://github.com/rust-lang/crates.io-index"
checksum = "fe52b19d45fe3f8359db6cc24df44dbe05e5ae32539afc0f5b7f790a21aa6fd0"
dependencies = [
 "schemars",
 "serde_json",
]

[[package]]
name = "cosmwasm-std"
version = "1.0.0-beta2"
source = "registry+https://github.com/rust-lang/crates.io-index"
checksum = "1660ee3d5734672e1eb4f0ceda403e2d83345e15143a48845f340f3252ce99a6"
dependencies = [
 "base64",
 "cosmwasm-crypto",
 "cosmwasm-derive",
 "schemars",
 "serde",
 "serde-json-wasm",
 "thiserror",
 "uint",
]

[[package]]
name = "cosmwasm-storage"
version = "1.0.0-beta2"
source = "registry+https://github.com/rust-lang/crates.io-index"
checksum = "cf3b4efe3b4f86df668520a02e9a29c23eea99b64dfcacb0e59b98346418af7f"
dependencies = [
 "cosmwasm-std",
 "serde",
]

[[package]]
name = "cpufeatures"
version = "0.2.1"
source = "registry+https://github.com/rust-lang/crates.io-index"
checksum = "95059428f66df56b63431fdb4e1947ed2190586af5c5a8a8b71122bdf5a7f469"
dependencies = [
 "libc",
]

[[package]]
name = "crunchy"
version = "0.2.2"
source = "registry+https://github.com/rust-lang/crates.io-index"
checksum = "7a81dae078cea95a014a339291cec439d2f232ebe854a9d672b796c6afafa9b7"

[[package]]
name = "crypto-bigint"
version = "0.2.6"
source = "registry+https://github.com/rust-lang/crates.io-index"
checksum = "e49339137316df1914fdb54a5eae75a73f45068fd0d2178fe235b11d93238a6e"
dependencies = [
 "generic-array",
 "rand_core 0.6.3",
 "subtle",
 "zeroize",
]

[[package]]
name = "crypto-mac"
version = "0.11.1"
source = "registry+https://github.com/rust-lang/crates.io-index"
checksum = "b1d1a86f49236c215f271d40892d5fc950490551400b02ef360692c29815c714"
dependencies = [
 "generic-array",
 "subtle",
]

[[package]]
name = "curve25519-dalek"
version = "3.2.0"
source = "registry+https://github.com/rust-lang/crates.io-index"
checksum = "0b9fdf9972b2bd6af2d913799d9ebc165ea4d2e65878e329d9c6b372c4491b61"
dependencies = [
 "byteorder",
 "digest",
 "rand_core 0.5.1",
 "subtle",
 "zeroize",
]

[[package]]
name = "cw-controllers"
version = "0.10.3"
source = "registry+https://github.com/rust-lang/crates.io-index"
checksum = "75f703e4d6a955bf16ce5864c7883f324d8c17fd49b1250aaebc95f9d4ae7db3"
dependencies = [
 "cosmwasm-std",
 "cw-storage-plus",
 "cw0",
 "schemars",
 "serde",
 "thiserror",
]

[[package]]
name = "cw-multi-test"
version = "0.10.3"
source = "registry+https://github.com/rust-lang/crates.io-index"
checksum = "f89a6191b839adef794f9bb8610d6d99857188517cca378b694e670bd1be614f"
dependencies = [
 "anyhow",
 "cosmwasm-std",
 "cosmwasm-storage",
 "cw-storage-plus",
 "cw0",
 "derivative",
 "itertools",
 "prost",
 "schemars",
 "serde",
 "thiserror",
]

[[package]]
name = "cw-storage-plus"
version = "0.10.3"
source = "registry+https://github.com/rust-lang/crates.io-index"
checksum = "d3b8b840947313c1a1cccf056836cd79a60b4526bdcd6582995be37dc97be4ae"
dependencies = [
 "cosmwasm-std",
 "schemars",
 "serde",
]

[[package]]
name = "cw0"
version = "0.10.3"
source = "registry+https://github.com/rust-lang/crates.io-index"
checksum = "8ae676b6cced78a3d38ad4b01ab4ed66fc78ac191c3c0d6bfd5372cb2efd473b"
dependencies = [
 "cosmwasm-std",
 "schemars",
 "serde",
 "thiserror",
]

[[package]]
name = "cw2"
version = "0.10.3"
source = "registry+https://github.com/rust-lang/crates.io-index"
checksum = "f7002e6f9c1a1ef3915dca704a6306ba00c39495efd928551d6077c734f9a3d8"
dependencies = [
 "cosmwasm-std",
 "cw-storage-plus",
 "schemars",
 "serde",
]

[[package]]
name = "cw20"
version = "0.10.3"
source = "registry+https://github.com/rust-lang/crates.io-index"
checksum = "56fc9d54b9b365801beb101a5c0375dceaa5a285bfc14438a7b6007f9d362142"
dependencies = [
 "cosmwasm-std",
 "cw0",
 "schemars",
 "serde",
]

[[package]]
name = "cw20-base"
version = "0.10.3"
source = "registry+https://github.com/rust-lang/crates.io-index"
checksum = "c4f5df0a946a4a58dd4fdb158ff1595c55774beeef76d09f108b547bce572dcf"
dependencies = [
 "cosmwasm-std",
 "cw-storage-plus",
 "cw0",
 "cw2",
 "cw20",
 "schemars",
 "serde",
 "thiserror",
]

[[package]]
name = "cw20-gov"
version = "0.10.2"
dependencies = [
 "cosmwasm-schema",
 "cosmwasm-std",
 "cw-storage-plus",
 "cw0",
 "cw2",
 "cw20",
 "cw20-base",
 "schemars",
 "serde",
 "thiserror",
]

[[package]]
name = "cw3"
version = "0.10.3"
source = "registry+https://github.com/rust-lang/crates.io-index"
checksum = "3d4c8c8c7b7fac5852987b0faff849f50b6d599fb8444451cd6f3f9cc80871cc"
dependencies = [
 "cosmwasm-std",
 "cw0",
 "schemars",
 "serde",
]

[[package]]
name = "cw3-flex-multisig"
version = "0.10.3"
dependencies = [
 "cosmwasm-schema",
 "cosmwasm-std",
 "cw-multi-test",
 "cw-storage-plus",
 "cw0",
 "cw2",
 "cw3",
 "cw4",
 "cw4-group",
 "schemars",
 "serde",
 "thiserror",
]

[[package]]
name = "cw3_dao"
version = "0.1.1"
dependencies = [
 "cosmwasm-schema",
 "cosmwasm-std",
 "cw-multi-test",
 "cw-storage-plus",
 "cw0",
 "cw2",
 "cw20",
 "cw20-base",
 "cw20-gov",
 "cw3",
 "schemars",
 "serde",
 "thiserror",
]

[[package]]
name = "cw4"
version = "0.10.3"
source = "registry+https://github.com/rust-lang/crates.io-index"
checksum = "0dc4c986c0f79a6d46e071f70c4ec933fb1e4ad7689f1f38df091e47a52c4530"
dependencies = [
 "cosmwasm-std",
 "cw-storage-plus",
 "schemars",
 "serde",
]

[[package]]
name = "cw4-group"
version = "0.10.3"
source = "registry+https://github.com/rust-lang/crates.io-index"
checksum = "6ee0e5e0afc8b8c0da6da3ccfcabc85a5d6303eaee3052b2c4120f6ce5a586bc"
dependencies = [
 "cosmwasm-std",
 "cw-controllers",
 "cw-storage-plus",
 "cw0",
 "cw2",
 "cw4",
 "schemars",
 "serde",
 "thiserror",
]

[[package]]
name = "cw4-registry"
version = "0.1.0"
dependencies = [
 "anyhow",
 "assert_matches",
 "cosmwasm-schema",
 "cosmwasm-std",
 "cosmwasm-storage",
 "cw-multi-test",
 "cw-storage-plus",
 "cw0",
 "cw2",
 "cw4",
 "cw4-group",
 "schemars",
 "serde",
 "thiserror",
]

[[package]]
name = "der"
version = "0.4.1"
source = "registry+https://github.com/rust-lang/crates.io-index"
checksum = "31e21d2d0f22cde6e88694108429775c0219760a07779bf96503b434a03d7412"
dependencies = [
 "const-oid",
]

[[package]]
name = "derivative"
version = "2.2.0"
source = "registry+https://github.com/rust-lang/crates.io-index"
checksum = "fcc3dd5e9e9c0b295d6e1e4d811fb6f157d5ffd784b8d202fc62eac8035a770b"
dependencies = [
 "proc-macro2",
 "quote",
 "syn",
]

[[package]]
name = "digest"
version = "0.9.0"
source = "registry+https://github.com/rust-lang/crates.io-index"
checksum = "d3dd60d1080a57a05ab032377049e0591415d2b31afd7028356dbf3cc6dcb066"
dependencies = [
 "generic-array",
]

[[package]]
name = "dyn-clone"
version = "1.0.4"
source = "registry+https://github.com/rust-lang/crates.io-index"
checksum = "ee2626afccd7561a06cf1367e2950c4718ea04565e20fb5029b6c7d8ad09abcf"

[[package]]
name = "ecdsa"
version = "0.12.4"
source = "registry+https://github.com/rust-lang/crates.io-index"
checksum = "43ee23aa5b4f68c7a092b5c3beb25f50c406adc75e2363634f242f28ab255372"
dependencies = [
 "der",
 "elliptic-curve",
 "hmac",
 "signature",
]

[[package]]
name = "ed25519-zebra"
version = "2.2.0"
source = "registry+https://github.com/rust-lang/crates.io-index"
checksum = "0a128b76af6dd4b427e34a6fd43dc78dbfe73672ec41ff615a2414c1a0ad0409"
dependencies = [
 "curve25519-dalek",
 "hex",
 "rand_core 0.5.1",
 "serde",
 "sha2",
 "thiserror",
]

[[package]]
name = "either"
version = "1.6.1"
source = "registry+https://github.com/rust-lang/crates.io-index"
checksum = "e78d4f1cc4ae33bbfc157ed5d5a5ef3bc29227303d595861deb238fcec4e9457"

[[package]]
name = "elliptic-curve"
version = "0.10.6"
source = "registry+https://github.com/rust-lang/crates.io-index"
checksum = "beca177dcb8eb540133e7680baff45e7cc4d93bf22002676cec549f82343721b"
dependencies = [
 "crypto-bigint",
 "ff",
 "generic-array",
 "group",
 "pkcs8",
 "rand_core 0.6.3",
 "subtle",
 "zeroize",
]

[[package]]
name = "ff"
version = "0.10.1"
source = "registry+https://github.com/rust-lang/crates.io-index"
checksum = "d0f40b2dcd8bc322217a5f6559ae5f9e9d1de202a2ecee2e9eafcbece7562a4f"
dependencies = [
 "rand_core 0.6.3",
 "subtle",
]

[[package]]
name = "generic-array"
version = "0.14.4"
source = "registry+https://github.com/rust-lang/crates.io-index"
checksum = "501466ecc8a30d1d3b7fc9229b122b2ce8ed6e9d9223f1138d4babb253e51817"
dependencies = [
 "typenum",
 "version_check",
]

[[package]]
name = "getrandom"
version = "0.1.16"
source = "registry+https://github.com/rust-lang/crates.io-index"
checksum = "8fc3cb4d91f53b50155bdcfd23f6a4c39ae1969c2ae85982b135750cccaf5fce"
dependencies = [
 "cfg-if",
 "libc",
 "wasi 0.9.0+wasi-snapshot-preview1",
]

[[package]]
name = "getrandom"
version = "0.2.3"
source = "registry+https://github.com/rust-lang/crates.io-index"
checksum = "7fcd999463524c52659517fe2cea98493cfe485d10565e7b0fb07dbba7ad2753"
dependencies = [
 "cfg-if",
 "libc",
 "wasi 0.10.2+wasi-snapshot-preview1",
]

[[package]]
name = "group"
version = "0.10.0"
source = "registry+https://github.com/rust-lang/crates.io-index"
checksum = "1c363a5301b8f153d80747126a04b3c82073b9fe3130571a9d170cacdeaf7912"
dependencies = [
 "ff",
 "rand_core 0.6.3",
 "subtle",
]

[[package]]
name = "hex"
version = "0.4.3"
source = "registry+https://github.com/rust-lang/crates.io-index"
checksum = "7f24254aa9a54b5c858eaee2f5bccdb46aaf0e486a595ed5fd8f86ba55232a70"

[[package]]
name = "hmac"
version = "0.11.0"
source = "registry+https://github.com/rust-lang/crates.io-index"
checksum = "2a2a2320eb7ec0ebe8da8f744d7812d9fc4cb4d09344ac01898dbcb6a20ae69b"
dependencies = [
 "crypto-mac",
 "digest",
]

[[package]]
name = "itertools"
version = "0.10.1"
source = "registry+https://github.com/rust-lang/crates.io-index"
checksum = "69ddb889f9d0d08a67338271fa9b62996bc788c7796a5c18cf057420aaed5eaf"
dependencies = [
 "either",
]

[[package]]
name = "itoa"
version = "0.4.8"
source = "registry+https://github.com/rust-lang/crates.io-index"
checksum = "b71991ff56294aa922b450139ee08b3bfc70982c6b2c7562771375cf73542dd4"

[[package]]
name = "k256"
version = "0.9.6"
source = "registry+https://github.com/rust-lang/crates.io-index"
checksum = "903ae2481bcdfdb7b68e0a9baa4b7c9aff600b9ae2e8e5bb5833b8c91ab851ea"
dependencies = [
 "cfg-if",
 "ecdsa",
 "elliptic-curve",
 "sha2",
]

[[package]]
name = "libc"
version = "0.2.101"
source = "registry+https://github.com/rust-lang/crates.io-index"
checksum = "3cb00336871be5ed2c8ed44b60ae9959dc5b9f08539422ed43f09e34ecaeba21"

[[package]]
name = "opaque-debug"
version = "0.3.0"
source = "registry+https://github.com/rust-lang/crates.io-index"
checksum = "624a8340c38c1b80fd549087862da4ba43e08858af025b236e509b6649fc13d5"

[[package]]
name = "pkcs8"
version = "0.7.5"
source = "registry+https://github.com/rust-lang/crates.io-index"
checksum = "fbee84ed13e44dd82689fa18348a49934fa79cc774a344c42fc9b301c71b140a"
dependencies = [
 "der",
 "spki",
]

[[package]]
name = "proc-macro2"
version = "1.0.29"
source = "registry+https://github.com/rust-lang/crates.io-index"
checksum = "b9f5105d4fdaab20335ca9565e106a5d9b82b6219b5ba735731124ac6711d23d"
dependencies = [
 "unicode-xid",
]

[[package]]
name = "prost"
version = "0.9.0"
source = "registry+https://github.com/rust-lang/crates.io-index"
checksum = "444879275cb4fd84958b1a1d5420d15e6fcf7c235fe47f053c9c2a80aceb6001"
dependencies = [
 "bytes",
 "prost-derive",
]

[[package]]
name = "prost-derive"
version = "0.9.0"
source = "registry+https://github.com/rust-lang/crates.io-index"
checksum = "f9cc1a3263e07e0bf68e96268f37665207b49560d98739662cdfaae215c720fe"
dependencies = [
 "anyhow",
 "itertools",
 "proc-macro2",
 "quote",
 "syn",
]

[[package]]
name = "quote"
version = "1.0.9"
source = "registry+https://github.com/rust-lang/crates.io-index"
checksum = "c3d0b9745dc2debf507c8422de05d7226cc1f0644216dfdfead988f9b1ab32a7"
dependencies = [
 "proc-macro2",
]

[[package]]
name = "rand_core"
version = "0.5.1"
source = "registry+https://github.com/rust-lang/crates.io-index"
checksum = "90bde5296fc891b0cef12a6d03ddccc162ce7b2aff54160af9338f8d40df6d19"
dependencies = [
 "getrandom 0.1.16",
]

[[package]]
name = "rand_core"
version = "0.6.3"
source = "registry+https://github.com/rust-lang/crates.io-index"
checksum = "d34f1408f55294453790c48b2f1ebbb1c5b4b7563eb1f418bcfcfdbb06ebb4e7"
dependencies = [
 "getrandom 0.2.3",
]

[[package]]
name = "ryu"
version = "1.0.5"
source = "registry+https://github.com/rust-lang/crates.io-index"
checksum = "71d301d4193d031abdd79ff7e3dd721168a9572ef3fe51a1517aba235bd8f86e"

[[package]]
name = "schemars"
version = "0.8.7"
source = "registry+https://github.com/rust-lang/crates.io-index"
checksum = "271ac0c667b8229adf70f0f957697c96fafd7486ab7481e15dc5e45e3e6a4368"
dependencies = [
 "dyn-clone",
 "schemars_derive",
 "serde",
 "serde_json",
]

[[package]]
name = "schemars_derive"
version = "0.8.7"
source = "registry+https://github.com/rust-lang/crates.io-index"
checksum = "6ebda811090b257411540779860bc09bf321bc587f58d2c5864309d1566214e7"
dependencies = [
 "proc-macro2",
 "quote",
 "serde_derive_internals",
 "syn",
]

[[package]]
name = "serde"
version = "1.0.130"
source = "registry+https://github.com/rust-lang/crates.io-index"
checksum = "f12d06de37cf59146fbdecab66aa99f9fe4f78722e3607577a5375d66bd0c913"
dependencies = [
 "serde_derive",
]

[[package]]
name = "serde-json-wasm"
version = "0.3.1"
source = "registry+https://github.com/rust-lang/crates.io-index"
checksum = "50eef3672ec8fa45f3457fd423ba131117786784a895548021976117c1ded449"
dependencies = [
 "serde",
]

[[package]]
name = "serde_derive"
version = "1.0.130"
source = "registry+https://github.com/rust-lang/crates.io-index"
checksum = "d7bc1a1ab1961464eae040d96713baa5a724a8152c1222492465b54322ec508b"
dependencies = [
 "proc-macro2",
 "quote",
 "syn",
]

[[package]]
name = "serde_derive_internals"
version = "0.25.0"
source = "registry+https://github.com/rust-lang/crates.io-index"
checksum = "1dbab34ca63057a1f15280bdf3c39f2b1eb1b54c17e98360e511637aef7418c6"
dependencies = [
 "proc-macro2",
 "quote",
 "syn",
]

[[package]]
name = "serde_json"
version = "1.0.67"
source = "registry+https://github.com/rust-lang/crates.io-index"
checksum = "a7f9e390c27c3c0ce8bc5d725f6e4d30a29d26659494aa4b17535f7522c5c950"
dependencies = [
 "itoa",
 "ryu",
 "serde",
]

[[package]]
name = "sha2"
version = "0.9.8"
source = "registry+https://github.com/rust-lang/crates.io-index"
checksum = "b69f9a4c9740d74c5baa3fd2e547f9525fa8088a8a958e0ca2409a514e33f5fa"
dependencies = [
 "block-buffer",
 "cfg-if",
 "cpufeatures",
 "digest",
 "opaque-debug",
]

[[package]]
name = "signature"
version = "1.3.1"
source = "registry+https://github.com/rust-lang/crates.io-index"
checksum = "c19772be3c4dd2ceaacf03cb41d5885f2a02c4d8804884918e3a258480803335"
dependencies = [
 "digest",
 "rand_core 0.6.3",
]

[[package]]
name = "spki"
version = "0.4.0"
source = "registry+https://github.com/rust-lang/crates.io-index"
checksum = "987637c5ae6b3121aba9d513f869bd2bff11c4cc086c22473befd6649c0bd521"
dependencies = [
 "der",
]

[[package]]
name = "static_assertions"
version = "1.1.0"
source = "registry+https://github.com/rust-lang/crates.io-index"
checksum = "a2eb9349b6444b326872e140eb1cf5e7c522154d69e7a0ffb0fb81c06b37543f"

[[package]]
name = "subtle"
version = "2.4.1"
source = "registry+https://github.com/rust-lang/crates.io-index"
checksum = "6bdef32e8150c2a081110b42772ffe7d7c9032b606bc226c8260fd97e0976601"

[[package]]
name = "syn"
version = "1.0.76"
source = "registry+https://github.com/rust-lang/crates.io-index"
checksum = "c6f107db402c2c2055242dbf4d2af0e69197202e9faacbef9571bbe47f5a1b84"
dependencies = [
 "proc-macro2",
 "quote",
 "unicode-xid",
]

[[package]]
name = "thiserror"
version = "1.0.30"
source = "registry+https://github.com/rust-lang/crates.io-index"
checksum = "854babe52e4df1653706b98fcfc05843010039b406875930a70e4d9644e5c417"
dependencies = [
 "thiserror-impl",
]

[[package]]
name = "thiserror-impl"
version = "1.0.30"
source = "registry+https://github.com/rust-lang/crates.io-index"
checksum = "aa32fd3f627f367fe16f893e2597ae3c05020f8bba2666a4e6ea73d377e5714b"
dependencies = [
 "proc-macro2",
 "quote",
 "syn",
]

[[package]]
name = "typenum"
version = "1.14.0"
source = "registry+https://github.com/rust-lang/crates.io-index"
checksum = "b63708a265f51345575b27fe43f9500ad611579e764c79edbc2037b1121959ec"

[[package]]
name = "uint"
version = "0.9.1"
source = "registry+https://github.com/rust-lang/crates.io-index"
checksum = "6470ab50f482bde894a037a57064480a246dbfdd5960bd65a44824693f08da5f"
dependencies = [
 "byteorder",
 "crunchy",
 "hex",
 "static_assertions",
]

[[package]]
name = "unicode-xid"
version = "0.2.2"
source = "registry+https://github.com/rust-lang/crates.io-index"
checksum = "8ccb82d61f80a663efe1f787a51b16b5a51e3314d6ac365b08639f52387b33f3"

[[package]]
name = "version_check"
version = "0.9.3"
source = "registry+https://github.com/rust-lang/crates.io-index"
checksum = "5fecdca9a5291cc2b8dcf7dc02453fee791a280f3743cb0905f8822ae463b3fe"

[[package]]
name = "wasi"
version = "0.9.0+wasi-snapshot-preview1"
source = "registry+https://github.com/rust-lang/crates.io-index"
checksum = "cccddf32554fecc6acb585f82a32a72e28b48f8c4c1883ddfeeeaa96f7d8e519"

[[package]]
name = "wasi"
version = "0.10.2+wasi-snapshot-preview1"
source = "registry+https://github.com/rust-lang/crates.io-index"
checksum = "fd6fbd9a79829dd1ad0cc20627bf1ed606756a7f77edff7b66b7064f9cb327c6"

[[package]]
name = "zeroize"
version = "1.4.1"
source = "registry+https://github.com/rust-lang/crates.io-index"
checksum = "377db0846015f7ae377174787dd452e1c5f5a9050bc6f954911d01f116daa0cd"
